
Microsoft Visual Studio Solution File, Format Version 12.00
# Visual Studio Version 16
VisualStudioVersion = 25.0.1703.3
MinimumVisualStudioVersion = 10.0.40219.1
Project("{FAE04EC0-301F-11D3-BF4B-00C04F79EFBC}") = "ShopXpress", "ShopXpress\ShopXpress.csproj", "{B259B583-9556-494F-B378-DECF42139E13}"
EndProject
Project("{FAE04EC0-301F-11D3-BF4B-00C04F79EFBC}") = "ShopXpress.Models", "ShopXpress.Models\ShopXpress.Models.csproj", "{15AE3DA7-C194-4C6F-9887-026FD7839690}"
EndProject
Project("{FAE04EC0-301F-11D3-BF4B-00C04F79EFBC}") = "ShopXpress.Data", "ShopXpress.Data\ShopXpress.Data.csproj", "{ACABBD08-F46D-4A71-AFF3-9F2C699AB05C}"
EndProject
Project("{FAE04EC0-301F-11D3-BF4B-00C04F79EFBC}") = "ShopXpress.Services", "ShopXpress.Services\ShopXpress.Services.csproj", "{8507C6BF-F244-4283-9EE9-A7CF72AD5498}"
EndProject
Project("{FAE04EC0-301F-11D3-BF4B-00C04F79EFBC}") = "ShopXpressXunitTest", "ShopXpressXunitTest\ShopXpressXunitTest.csproj", "{7311C702-9C8A-400A-A1E8-D6BE36354C3C}"
EndProject
Global
	GlobalSection(SolutionConfigurationPlatforms) = preSolution
		Debug|Any CPU = Debug|Any CPU
		Release|Any CPU = Release|Any CPU
	EndGlobalSection
	GlobalSection(ProjectConfigurationPlatforms) = postSolution
		{B259B583-9556-494F-B378-DECF42139E13}.Debug|Any CPU.ActiveCfg = Debug|Any CPU
		{B259B583-9556-494F-B378-DECF42139E13}.Debug|Any CPU.Build.0 = Debug|Any CPU
		{B259B583-9556-494F-B378-DECF42139E13}.Release|Any CPU.ActiveCfg = Release|Any CPU
		{B259B583-9556-494F-B378-DECF42139E13}.Release|Any CPU.Build.0 = Release|Any CPU
		{15AE3DA7-C194-4C6F-9887-026FD7839690}.Debug|Any CPU.ActiveCfg = Debug|Any CPU
		{15AE3DA7-C194-4C6F-9887-026FD7839690}.Debug|Any CPU.Build.0 = Debug|Any CPU
		{15AE3DA7-C194-4C6F-9887-026FD7839690}.Release|Any CPU.ActiveCfg = Release|Any CPU
		{15AE3DA7-C194-4C6F-9887-026FD7839690}.Release|Any CPU.Build.0 = Release|Any CPU
		{ACABBD08-F46D-4A71-AFF3-9F2C699AB05C}.Debug|Any CPU.ActiveCfg = Debug|Any CPU
		{ACABBD08-F46D-4A71-AFF3-9F2C699AB05C}.Debug|Any CPU.Build.0 = Debug|Any CPU
		{ACABBD08-F46D-4A71-AFF3-9F2C699AB05C}.Release|Any CPU.ActiveCfg = Release|Any CPU
		{ACABBD08-F46D-4A71-AFF3-9F2C699AB05C}.Release|Any CPU.Build.0 = Release|Any CPU
		{8507C6BF-F244-4283-9EE9-A7CF72AD5498}.Debug|Any CPU.ActiveCfg = Debug|Any CPU
		{8507C6BF-F244-4283-9EE9-A7CF72AD5498}.Debug|Any CPU.Build.0 = Debug|Any CPU
		{8507C6BF-F244-4283-9EE9-A7CF72AD5498}.Release|Any CPU.ActiveCfg = Release|Any CPU
		{8507C6BF-F244-4283-9EE9-A7CF72AD5498}.Release|Any CPU.Build.0 = Release|Any CPU
		{7311C702-9C8A-400A-A1E8-D6BE36354C3C}.Debug|Any CPU.ActiveCfg = Debug|Any CPU
		{7311C702-9C8A-400A-A1E8-D6BE36354C3C}.Debug|Any CPU.Build.0 = Debug|Any CPU
		{7311C702-9C8A-400A-A1E8-D6BE36354C3C}.Release|Any CPU.ActiveCfg = Release|Any CPU
		{7311C702-9C8A-400A-A1E8-D6BE36354C3C}.Release|Any CPU.Build.0 = Release|Any CPU
	EndGlobalSection
	GlobalSection(SolutionProperties) = preSolution
		HideSolutionNode = FALSE
	EndGlobalSection
	GlobalSection(ExtensibilityGlobals) = postSolution
		SolutionGuid = {4047C56D-8AED-4398-B959-296E8F07BDEE}
	EndGlobalSection
EndGlobal
